
Microsoft Visual Studio Solution File, Format Version 12.00
# Visual Studio Version 16
VisualStudioVersion = 16.0.29519.87
MinimumVisualStudioVersion = 10.0.40219.1
Project("{FAE04EC0-301F-11D3-BF4B-00C04F79EFBC}") = "Tools", "Tools.csproj", "{C35CB289-2E5B-4CA9-96C0-A5E7BF20E0AA}"
EndProject
Project("{FAE04EC0-301F-11D3-BF4B-00C04F79EFBC}") = "EntityFrameworkWrapper", "..\EntityFrameworkWrapper\EntityFrameworkWrapper.csproj", "{C6F6D951-F862-423D-9EDF-AC0A02475647}"
EndProject
Project("{2150E333-8FDC-42A3-9474-1A3956D46DE8}") = "Server", "Server", "{534A9FE9-6110-4B37-8B77-275FFD9EA32D}"
EndProject
Project("{FAE04EC0-301F-11D3-BF4B-00C04F79EFBC}") = "DBModels", "..\DBModels\DBModels.csproj", "{5D9F9734-B04A-4596-9A7D-6B9059ACF98F}"
EndProject
Project("{FAE04EC0-301F-11D3-BF4B-00C04F79EFBC}") = "Tester", "..\Tester\Tester.csproj", "{52092F8E-A404-4B14-AE50-8844F0A2EAD2}"
EndProject
Global
	GlobalSection(SolutionConfigurationPlatforms) = preSolution
		Debug|Any CPU = Debug|Any CPU
		Release|Any CPU = Release|Any CPU
	EndGlobalSection
	GlobalSection(ProjectConfigurationPlatforms) = postSolution
		{C35CB289-2E5B-4CA9-96C0-A5E7BF20E0AA}.Debug|Any CPU.ActiveCfg = Debug|Any CPU
		{C35CB289-2E5B-4CA9-96C0-A5E7BF20E0AA}.Debug|Any CPU.Build.0 = Debug|Any CPU
		{C35CB289-2E5B-4CA9-96C0-A5E7BF20E0AA}.Release|Any CPU.ActiveCfg = Release|Any CPU
		{C35CB289-2E5B-4CA9-96C0-A5E7BF20E0AA}.Release|Any CPU.Build.0 = Release|Any CPU
		{C6F6D951-F862-423D-9EDF-AC0A02475647}.Debug|Any CPU.ActiveCfg = Debug|Any CPU
		{C6F6D951-F862-423D-9EDF-AC0A02475647}.Debug|Any CPU.Build.0 = Debug|Any CPU
		{C6F6D951-F862-423D-9EDF-AC0A02475647}.Release|Any CPU.ActiveCfg = Release|Any CPU
		{C6F6D951-F862-423D-9EDF-AC0A02475647}.Release|Any CPU.Build.0 = Release|Any CPU
		{5D9F9734-B04A-4596-9A7D-6B9059ACF98F}.Debug|Any CPU.ActiveCfg = Debug|Any CPU
		{5D9F9734-B04A-4596-9A7D-6B9059ACF98F}.Debug|Any CPU.Build.0 = Debug|Any CPU
		{5D9F9734-B04A-4596-9A7D-6B9059ACF98F}.Release|Any CPU.ActiveCfg = Release|Any CPU
		{5D9F9734-B04A-4596-9A7D-6B9059ACF98F}.Release|Any CPU.Build.0 = Release|Any CPU
		{52092F8E-A404-4B14-AE50-8844F0A2EAD2}.Debug|Any CPU.ActiveCfg = Debug|Any CPU
		{52092F8E-A404-4B14-AE50-8844F0A2EAD2}.Debug|Any CPU.Build.0 = Debug|Any CPU
		{52092F8E-A404-4B14-AE50-8844F0A2EAD2}.Release|Any CPU.ActiveCfg = Release|Any CPU
		{52092F8E-A404-4B14-AE50-8844F0A2EAD2}.Release|Any CPU.Build.0 = Release|Any CPU
	EndGlobalSection
	GlobalSection(SolutionProperties) = preSolution
		HideSolutionNode = FALSE
	EndGlobalSection
	GlobalSection(ExtensibilityGlobals) = postSolution
		SolutionGuid = {716ED4AE-130B-4619-8508-4925636F264D}
	EndGlobalSection
EndGlobal
